{
  "name": "local-path-dep",
  "version": "1.0.0",
  "lockfileVersion": 3,
  "requires": true,
  "packages": {
    "": {
      "name": "local-path-dep",
      "version": "1.0.0",
      "license": "ISC",
      "dependencies": {
        "private-package": "file:../private-package"
      }
    },
    "../private-package": {
      "version": "1.0.0",
      "license": "ISC"
    },
    "node_modules/private-package": {
      "resolved": "../private-package",
      "link": true
    }
  }
}
